
Microsoft Visual Studio Solution File, Format Version 12.00
Project("{FAE04EC0-301F-11D3-BF4B-00C04F79EFBC}") = "Spirograph", "Spirograph.csproj", "{760161C0-1C7D-4360-9846-16E6929EB4D5}"
EndProject
Global
	GlobalSection(SolutionConfigurationPlatforms) = preSolution
		Debug|Any CPU = Debug|Any CPU
		Release|Any CPU = Release|Any CPU
	EndGlobalSection
	GlobalSection(ProjectConfigurationPlatforms) = postSolution
		{760161C0-1C7D-4360-9846-16E6929EB4D5}.Debug|Any CPU.ActiveCfg = Debug|Any CPU
		{760161C0-1C7D-4360-9846-16E6929EB4D5}.Debug|Any CPU.Build.0 = Debug|Any CPU
		{760161C0-1C7D-4360-9846-16E6929EB4D5}.Release|Any CPU.ActiveCfg = Release|Any CPU
		{760161C0-1C7D-4360-9846-16E6929EB4D5}.Release|Any CPU.Build.0 = Release|Any CPU
	EndGlobalSection
EndGlobal
